PODS:
  - FoundationSwagger (0.2.14)
  - TestableUIKit (0.2.2):
    - TestSwagger
  - TestSwagger (0.1.6):
    - FoundationSwagger

DEPENDENCIES:
  - TestableUIKit
  - TestSwagger

SPEC CHECKSUMS:
  FoundationSwagger: e5aa3e41320e0e2931dbd4a12ab4cf2e03c558e4
  TestableUIKit: 677e7d18b0912757a92548eba2c2d1832b94c7ac
  TestSwagger: 10428263bd31debe64adc7c1444c7517e5a88548

PODFILE CHECKSUM: aa1c1a4280ca8ca0c2372b178b004ad8a7394401

COCOAPODS: 1.2.1
