// !$*UTF8*$!
{
	archiveVersion = 1;
	classes = {
	};
	objectVersion = 46;
	objects = {

/* Begin PBXBuildFile section */
		0A3A10751E6DFAA100B81B32 /* CLLocationManagerRequestWhenInUseAuthorizationSpy.swift in Sources */ = {isa = PBXBuildFile; fileRef = 0A3A10741E6DFAA100B81B32 /* CLLocationManagerRequestWhenInUseAuthorizationSpy.swift */; };
		0A3A10771E6DFC6300B81B32 /* CLLocationManagerRequestAlwaysAuthorizationSpy.swift in Sources */ = {isa = PBXBuildFile; fileRef = 0A3A10761E6DFC6300B81B32 /* CLLocationManagerRequestAlwaysAuthorizationSpy.swift */; };
		0A3A10791E6DFD0A00B81B32 /* CLLocationManagerObjectSpyable.swift in Sources */ = {isa = PBXBuildFile; fileRef = 0A3A10781E6DFD0A00B81B32 /* CLLocationManagerObjectSpyable.swift */; };
		0A3A107B1E6DFDB900B81B32 /* CLLocationManagerStartUpdatingLocationSpy.swift in Sources */ = {isa = PBXBuildFile; fileRef = 0A3A107A1E6DFDB900B81B32 /* CLLocationManagerStartUpdatingLocationSpy.swift */; };
		0A3A107D1E6DFE4A00B81B32 /* CLLocationManagerStopUpdatingLocationSpy.swift in Sources */ = {isa = PBXBuildFile; fileRef = 0A3A107C1E6DFE4A00B81B32 /* CLLocationManagerStopUpdatingLocationSpy.swift */; };
		0A3A107F1E6DFF0900B81B32 /* CLLocationManagerStartUpdatingHeadingSpy.swift in Sources */ = {isa = PBXBuildFile; fileRef = 0A3A107E1E6DFF0900B81B32 /* CLLocationManagerStartUpdatingHeadingSpy.swift */; };
		0A3A10811E6DFF5700B81B32 /* CLLocationManagerStopUpdatingHeadingSpy.swift in Sources */ = {isa = PBXBuildFile; fileRef = 0A3A10801E6DFF5700B81B32 /* CLLocationManagerStopUpdatingHeadingSpy.swift */; };
		0A3A10831E6E00B200B81B32 /* CLLocationManagerDismissHeadingCalibrationDisplaySpy.swift in Sources */ = {isa = PBXBuildFile; fileRef = 0A3A10821E6E00B200B81B32 /* CLLocationManagerDismissHeadingCalibrationDisplaySpy.swift */; };
		0A3A10851E6E019300B81B32 /* CLLocationManagerStartMonitoringSignificantLocationChangesSpy.swift in Sources */ = {isa = PBXBuildFile; fileRef = 0A3A10841E6E019300B81B32 /* CLLocationManagerStartMonitoringSignificantLocationChangesSpy.swift */; };
		0A3A10871E6E027100B81B32 /* CLLocationManagerStopMonitoringSignificantLocationChangesSpy.swift in Sources */ = {isa = PBXBuildFile; fileRef = 0A3A10861E6E027100B81B32 /* CLLocationManagerStopMonitoringSignificantLocationChangesSpy.swift */; };
		0A3A10891E6E040300B81B32 /* CLLocationManagerStartMonitoringForRegionSpy.swift in Sources */ = {isa = PBXBuildFile; fileRef = 0A3A10881E6E040300B81B32 /* CLLocationManagerStartMonitoringForRegionSpy.swift */; };
		0A3A108B1E6E05F900B81B32 /* CLLocationManagerStopMonitoringForRegionSpy.swift in Sources */ = {isa = PBXBuildFile; fileRef = 0A3A108A1E6E05F900B81B32 /* CLLocationManagerStopMonitoringForRegionSpy.swift */; };
		0A3A108D1E6E06D900B81B32 /* CLLocationManagerStartRangingBeaconsInRegionSpy.swift in Sources */ = {isa = PBXBuildFile; fileRef = 0A3A108C1E6E06D900B81B32 /* CLLocationManagerStartRangingBeaconsInRegionSpy.swift */; };
		0A3A108F1E6E07C000B81B32 /* CLLocationManagerStopRangingBeaconsInRegionSpy.swift in Sources */ = {isa = PBXBuildFile; fileRef = 0A3A108E1E6E07C000B81B32 /* CLLocationManagerStopRangingBeaconsInRegionSpy.swift */; };
		0A3A10911E6E086700B81B32 /* CLLocationManagerStartMonitoringVisitsSpy.swift in Sources */ = {isa = PBXBuildFile; fileRef = 0A3A10901E6E086700B81B32 /* CLLocationManagerStartMonitoringVisitsSpy.swift */; };
		0A3A10931E6E089100B81B32 /* CLLocationManagerStopMonitoringVisitsSpy.swift in Sources */ = {isa = PBXBuildFile; fileRef = 0A3A10921E6E089100B81B32 /* CLLocationManagerStopMonitoringVisitsSpy.swift */; };
		0A3A10951E6E0CEE00B81B32 /* CLLocationManagerAllowDeferredLocationUpdatesSpy.swift in Sources */ = {isa = PBXBuildFile; fileRef = 0A3A10941E6E0CEE00B81B32 /* CLLocationManagerAllowDeferredLocationUpdatesSpy.swift */; };
		0A3A10971E6E13BD00B81B32 /* CLLocationManagerDisallowDeferredLocationUpdatesSpy.swift in Sources */ = {isa = PBXBuildFile; fileRef = 0A3A10961E6E13BD00B81B32 /* CLLocationManagerDisallowDeferredLocationUpdatesSpy.swift */; };
		0A3A10991E6E15CF00B81B32 /* MutableFloorTests.swift in Sources */ = {isa = PBXBuildFile; fileRef = 0A3A10981E6E15CF00B81B32 /* MutableFloorTests.swift */; };
		0A3A109B1E6E168600B81B32 /* MutableFloor.swift in Sources */ = {isa = PBXBuildFile; fileRef = 0A3A109A1E6E168600B81B32 /* MutableFloor.swift */; };
		0A3A109D1E6E1A5F00B81B32 /* SampleValues.swift in Sources */ = {isa = PBXBuildFile; fileRef = 0A3A109C1E6E1A5F00B81B32 /* SampleValues.swift */; };
		0A3A109F1E6E1F0400B81B32 /* MutableHeadingTests.swift in Sources */ = {isa = PBXBuildFile; fileRef = 0A3A109E1E6E1F0400B81B32 /* MutableHeadingTests.swift */; };
		0A3A10A11E6E223D00B81B32 /* MutableHeading.swift in Sources */ = {isa = PBXBuildFile; fileRef = 0A3A10A01E6E223D00B81B32 /* MutableHeading.swift */; };
		0AFECA571E6D25AF006BD0EF /* TestableCoreLocation.framework in Frameworks */ = {isa = PBXBuildFile; fileRef = 0AFECA4D1E6D25AF006BD0EF /* TestableCoreLocation.framework */; };
		0AFECA5E1E6D25AF006BD0EF /* TestableCoreLocation.h in Headers */ = {isa = PBXBuildFile; fileRef = 0AFECA501E6D25AF006BD0EF /* TestableCoreLocation.h */; settings = {ATTRIBUTES = (Public, ); }; };
		0AFECA691E6D27C7006BD0EF /* CLLocationManagerSpiesTests.swift in Sources */ = {isa = PBXBuildFile; fileRef = 0AFECA681E6D27C7006BD0EF /* CLLocationManagerSpiesTests.swift */; };
		0AFECA6C1E6D29A3006BD0EF /* TestLocationManager.swift in Sources */ = {isa = PBXBuildFile; fileRef = 0AFECA6B1E6D29A3006BD0EF /* TestLocationManager.swift */; };
		3F190D5981A7DCF8E133A19C /* Pods_TestableCoreLocationWorkspace_TestableCoreLocationTests.framework in Frameworks */ = {isa = PBXBuildFile; fileRef = 1860C6FFCC188ECF5D64DCB9 /* Pods_TestableCoreLocationWorkspace_TestableCoreLocationTests.framework */; };
		BE9E5AE382BC4D6EDE6F1450 /* Pods_TestableCoreLocationWorkspace_TestableCoreLocation.framework in Frameworks */ = {isa = PBXBuildFile; fileRef = CBC233585156E84165C911EA /* Pods_TestableCoreLocationWorkspace_TestableCoreLocation.framework */; };
/* End PBXBuildFile section */

/* Begin PBXContainerItemProxy section */
		0AFECA581E6D25AF006BD0EF /* PBXContainerItemProxy */ = {
			isa = PBXContainerItemProxy;
			containerPortal = 0AFECA441E6D25AF006BD0EF /* Project object */;
			proxyType = 1;
			remoteGlobalIDString = 0AFECA4C1E6D25AF006BD0EF;
			remoteInfo = TestableCoreLocation;
		};
/* End PBXContainerItemProxy section */

/* Begin PBXFileReference section */
		0A3A10741E6DFAA100B81B32 /* CLLocationManagerRequestWhenInUseAuthorizationSpy.swift */ = {isa = PBXFileReference; fileEncoding = 4; lastKnownFileType = sourcecode.swift; path = CLLocationManagerRequestWhenInUseAuthorizationSpy.swift; sourceTree = "<group>"; };
		0A3A10761E6DFC6300B81B32 /* CLLocationManagerRequestAlwaysAuthorizationSpy.swift */ = {isa = PBXFileReference; fileEncoding = 4; lastKnownFileType = sourcecode.swift; path = CLLocationManagerRequestAlwaysAuthorizationSpy.swift; sourceTree = "<group>"; };
		0A3A10781E6DFD0A00B81B32 /* CLLocationManagerObjectSpyable.swift */ = {isa = PBXFileReference; fileEncoding = 4; lastKnownFileType = sourcecode.swift; path = CLLocationManagerObjectSpyable.swift; sourceTree = "<group>"; };
		0A3A107A1E6DFDB900B81B32 /* CLLocationManagerStartUpdatingLocationSpy.swift */ = {isa = PBXFileReference; fileEncoding = 4; lastKnownFileType = sourcecode.swift; path = CLLocationManagerStartUpdatingLocationSpy.swift; sourceTree = "<group>"; };
		0A3A107C1E6DFE4A00B81B32 /* CLLocationManagerStopUpdatingLocationSpy.swift */ = {isa = PBXFileReference; fileEncoding = 4; lastKnownFileType = sourcecode.swift; path = CLLocationManagerStopUpdatingLocationSpy.swift; sourceTree = "<group>"; };
		0A3A107E1E6DFF0900B81B32 /* CLLocationManagerStartUpdatingHeadingSpy.swift */ = {isa = PBXFileReference; fileEncoding = 4; lastKnownFileType = sourcecode.swift; path = CLLocationManagerStartUpdatingHeadingSpy.swift; sourceTree = "<group>"; };
		0A3A10801E6DFF5700B81B32 /* CLLocationManagerStopUpdatingHeadingSpy.swift */ = {isa = PBXFileReference; fileEncoding = 4; lastKnownFileType = sourcecode.swift; path = CLLocationManagerStopUpdatingHeadingSpy.swift; sourceTree = "<group>"; };
		0A3A10821E6E00B200B81B32 /* CLLocationManagerDismissHeadingCalibrationDisplaySpy.swift */ = {isa = PBXFileReference; fileEncoding = 4; lastKnownFileType = sourcecode.swift; path = CLLocationManagerDismissHeadingCalibrationDisplaySpy.swift; sourceTree = "<group>"; };
		0A3A10841E6E019300B81B32 /* CLLocationManagerStartMonitoringSignificantLocationChangesSpy.swift */ = {isa = PBXFileReference; fileEncoding = 4; lastKnownFileType = sourcecode.swift; path = CLLocationManagerStartMonitoringSignificantLocationChangesSpy.swift; sourceTree = "<group>"; };
		0A3A10861E6E027100B81B32 /* CLLocationManagerStopMonitoringSignificantLocationChangesSpy.swift */ = {isa = PBXFileReference; fileEncoding = 4; lastKnownFileType = sourcecode.swift; path = CLLocationManagerStopMonitoringSignificantLocationChangesSpy.swift; sourceTree = "<group>"; };
		0A3A10881E6E040300B81B32 /* CLLocationManagerStartMonitoringForRegionSpy.swift */ = {isa = PBXFileReference; fileEncoding = 4; lastKnownFileType = sourcecode.swift; path = CLLocationManagerStartMonitoringForRegionSpy.swift; sourceTree = "<group>"; };
		0A3A108A1E6E05F900B81B32 /* CLLocationManagerStopMonitoringForRegionSpy.swift */ = {isa = PBXFileReference; fileEncoding = 4; lastKnownFileType = sourcecode.swift; path = CLLocationManagerStopMonitoringForRegionSpy.swift; sourceTree = "<group>"; };
		0A3A108C1E6E06D900B81B32 /* CLLocationManagerStartRangingBeaconsInRegionSpy.swift */ = {isa = PBXFileReference; fileEncoding = 4; lastKnownFileType = sourcecode.swift; path = CLLocationManagerStartRangingBeaconsInRegionSpy.swift; sourceTree = "<group>"; };
		0A3A108E1E6E07C000B81B32 /* CLLocationManagerStopRangingBeaconsInRegionSpy.swift */ = {isa = PBXFileReference; fileEncoding = 4; lastKnownFileType = sourcecode.swift; path = CLLocationManagerStopRangingBeaconsInRegionSpy.swift; sourceTree = "<group>"; };
		0A3A10901E6E086700B81B32 /* CLLocationManagerStartMonitoringVisitsSpy.swift */ = {isa = PBXFileReference; fileEncoding = 4; lastKnownFileType = sourcecode.swift; path = CLLocationManagerStartMonitoringVisitsSpy.swift; sourceTree = "<group>"; };
		0A3A10921E6E089100B81B32 /* CLLocationManagerStopMonitoringVisitsSpy.swift */ = {isa = PBXFileReference; fileEncoding = 4; lastKnownFileType = sourcecode.swift; path = CLLocationManagerStopMonitoringVisitsSpy.swift; sourceTree = "<group>"; };
		0A3A10941E6E0CEE00B81B32 /* CLLocationManagerAllowDeferredLocationUpdatesSpy.swift */ = {isa = PBXFileReference; fileEncoding = 4; lastKnownFileType = sourcecode.swift; path = CLLocationManagerAllowDeferredLocationUpdatesSpy.swift; sourceTree = "<group>"; };
		0A3A10961E6E13BD00B81B32 /* CLLocationManagerDisallowDeferredLocationUpdatesSpy.swift */ = {isa = PBXFileReference; fileEncoding = 4; lastKnownFileType = sourcecode.swift; path = CLLocationManagerDisallowDeferredLocationUpdatesSpy.swift; sourceTree = "<group>"; };
		0A3A10981E6E15CF00B81B32 /* MutableFloorTests.swift */ = {isa = PBXFileReference; fileEncoding = 4; lastKnownFileType = sourcecode.swift; path = MutableFloorTests.swift; sourceTree = "<group>"; };
		0A3A109A1E6E168600B81B32 /* MutableFloor.swift */ = {isa = PBXFileReference; fileEncoding = 4; lastKnownFileType = sourcecode.swift; path = MutableFloor.swift; sourceTree = "<group>"; };
		0A3A109C1E6E1A5F00B81B32 /* SampleValues.swift */ = {isa = PBXFileReference; fileEncoding = 4; lastKnownFileType = sourcecode.swift; path = SampleValues.swift; sourceTree = "<group>"; };
		0A3A109E1E6E1F0400B81B32 /* MutableHeadingTests.swift */ = {isa = PBXFileReference; fileEncoding = 4; lastKnownFileType = sourcecode.swift; path = MutableHeadingTests.swift; sourceTree = "<group>"; };
		0A3A10A01E6E223D00B81B32 /* MutableHeading.swift */ = {isa = PBXFileReference; fileEncoding = 4; lastKnownFileType = sourcecode.swift; path = MutableHeading.swift; sourceTree = "<group>"; };
		0AFECA4D1E6D25AF006BD0EF /* TestableCoreLocation.framework */ = {isa = PBXFileReference; explicitFileType = wrapper.framework; includeInIndex = 0; path = TestableCoreLocation.framework; sourceTree = BUILT_PRODUCTS_DIR; };
		0AFECA501E6D25AF006BD0EF /* TestableCoreLocation.h */ = {isa = PBXFileReference; lastKnownFileType = sourcecode.c.h; path = TestableCoreLocation.h; sourceTree = "<group>"; };
		0AFECA511E6D25AF006BD0EF /* Info.plist */ = {isa = PBXFileReference; lastKnownFileType = text.plist.xml; path = Info.plist; sourceTree = "<group>"; };
		0AFECA561E6D25AF006BD0EF /* TestableCoreLocationTests.xctest */ = {isa = PBXFileReference; explicitFileType = wrapper.cfbundle; includeInIndex = 0; path = TestableCoreLocationTests.xctest; sourceTree = BUILT_PRODUCTS_DIR; };
		0AFECA5D1E6D25AF006BD0EF /* Info.plist */ = {isa = PBXFileReference; lastKnownFileType = text.plist.xml; path = Info.plist; sourceTree = "<group>"; };
		0AFECA681E6D27C7006BD0EF /* CLLocationManagerSpiesTests.swift */ = {isa = PBXFileReference; fileEncoding = 4; lastKnownFileType = sourcecode.swift; path = CLLocationManagerSpiesTests.swift; sourceTree = "<group>"; };
		0AFECA6B1E6D29A3006BD0EF /* TestLocationManager.swift */ = {isa = PBXFileReference; fileEncoding = 4; lastKnownFileType = sourcecode.swift; path = TestLocationManager.swift; sourceTree = "<group>"; };
		1860C6FFCC188ECF5D64DCB9 /* Pods_TestableCoreLocationWorkspace_TestableCoreLocationTests.framework */ = {isa = PBXFileReference; explicitFileType = wrapper.framework; includeInIndex = 0; path = Pods_TestableCoreLocationWorkspace_TestableCoreLocationTests.framework; sourceTree = BUILT_PRODUCTS_DIR; };
		1EA96F18F0F8A10CEC564361 /* Pods-TestableCoreLocationWorkspace-TestableCoreLocation.debug.xcconfig */ = {isa = PBXFileReference; includeInIndex = 1; lastKnownFileType = text.xcconfig; name = "Pods-TestableCoreLocationWorkspace-TestableCoreLocation.debug.xcconfig"; path = "Pods/Target Support Files/Pods-TestableCoreLocationWorkspace-TestableCoreLocation/Pods-TestableCoreLocationWorkspace-TestableCoreLocation.debug.xcconfig"; sourceTree = "<group>"; };
		62F2EA682691453A47983397 /* Pods-TestableCoreLocationWorkspace-TestableCoreLocation.release.xcconfig */ = {isa = PBXFileReference; includeInIndex = 1; lastKnownFileType = text.xcconfig; name = "Pods-TestableCoreLocationWorkspace-TestableCoreLocation.release.xcconfig"; path = "Pods/Target Support Files/Pods-TestableCoreLocationWorkspace-TestableCoreLocation/Pods-TestableCoreLocationWorkspace-TestableCoreLocation.release.xcconfig"; sourceTree = "<group>"; };
		96DFD0D18600B444BA053D5E /* Pods-TestableCoreLocationWorkspace-TestableCoreLocationTests.release.xcconfig */ = {isa = PBXFileReference; includeInIndex = 1; lastKnownFileType = text.xcconfig; name = "Pods-TestableCoreLocationWorkspace-TestableCoreLocationTests.release.xcconfig"; path = "Pods/Target Support Files/Pods-TestableCoreLocationWorkspace-TestableCoreLocationTests/Pods-TestableCoreLocationWorkspace-TestableCoreLocationTests.release.xcconfig"; sourceTree = "<group>"; };
		C2BAFA2621F633D672DEC47E /* Pods-TestableCoreLocationWorkspace-TestableCoreLocationTests.debug.xcconfig */ = {isa = PBXFileReference; includeInIndex = 1; lastKnownFileType = text.xcconfig; name = "Pods-TestableCoreLocationWorkspace-TestableCoreLocationTests.debug.xcconfig"; path = "Pods/Target Support Files/Pods-TestableCoreLocationWorkspace-TestableCoreLocationTests/Pods-TestableCoreLocationWorkspace-TestableCoreLocationTests.debug.xcconfig"; sourceTree = "<group>"; };
		CBC233585156E84165C911EA /* Pods_TestableCoreLocationWorkspace_TestableCoreLocation.framework */ = {isa = PBXFileReference; explicitFileType = wrapper.framework; includeInIndex = 0; path = Pods_TestableCoreLocationWorkspace_TestableCoreLocation.framework; sourceTree = BUILT_PRODUCTS_DIR; };
/* End PBXFileReference section */

/* Begin PBXFrameworksBuildPhase section */
		0AFECA491E6D25AF006BD0EF /* Frameworks */ = {
			isa = PBXFrameworksBuildPhase;
			buildActionMask = 2147483647;
			files = (
				BE9E5AE382BC4D6EDE6F1450 /* Pods_TestableCoreLocationWorkspace_TestableCoreLocation.framework in Frameworks */,
			);
			runOnlyForDeploymentPostprocessing = 0;
		};
		0AFECA531E6D25AF006BD0EF /* Frameworks */ = {
			isa = PBXFrameworksBuildPhase;
			buildActionMask = 2147483647;
			files = (
				0AFECA571E6D25AF006BD0EF /* TestableCoreLocation.framework in Frameworks */,
				3F190D5981A7DCF8E133A19C /* Pods_TestableCoreLocationWorkspace_TestableCoreLocationTests.framework in Frameworks */,
			);
			runOnlyForDeploymentPostprocessing = 0;
		};
/* End PBXFrameworksBuildPhase section */

/* Begin PBXGroup section */
		0A3A10731E6DFA8700B81B32 /* CLLocationManager */ = {
			isa = PBXGroup;
			children = (
				0A3A10941E6E0CEE00B81B32 /* CLLocationManagerAllowDeferredLocationUpdatesSpy.swift */,
				0A3A10961E6E13BD00B81B32 /* CLLocationManagerDisallowDeferredLocationUpdatesSpy.swift */,
				0A3A10821E6E00B200B81B32 /* CLLocationManagerDismissHeadingCalibrationDisplaySpy.swift */,
				0A3A10781E6DFD0A00B81B32 /* CLLocationManagerObjectSpyable.swift */,
				0A3A10761E6DFC6300B81B32 /* CLLocationManagerRequestAlwaysAuthorizationSpy.swift */,
				0A3A10741E6DFAA100B81B32 /* CLLocationManagerRequestWhenInUseAuthorizationSpy.swift */,
				0A3A10881E6E040300B81B32 /* CLLocationManagerStartMonitoringForRegionSpy.swift */,
				0A3A10841E6E019300B81B32 /* CLLocationManagerStartMonitoringSignificantLocationChangesSpy.swift */,
				0A3A10901E6E086700B81B32 /* CLLocationManagerStartMonitoringVisitsSpy.swift */,
				0A3A108C1E6E06D900B81B32 /* CLLocationManagerStartRangingBeaconsInRegionSpy.swift */,
				0A3A107E1E6DFF0900B81B32 /* CLLocationManagerStartUpdatingHeadingSpy.swift */,
				0A3A107A1E6DFDB900B81B32 /* CLLocationManagerStartUpdatingLocationSpy.swift */,
				0A3A108A1E6E05F900B81B32 /* CLLocationManagerStopMonitoringForRegionSpy.swift */,
				0A3A10861E6E027100B81B32 /* CLLocationManagerStopMonitoringSignificantLocationChangesSpy.swift */,
				0A3A10921E6E089100B81B32 /* CLLocationManagerStopMonitoringVisitsSpy.swift */,
				0A3A108E1E6E07C000B81B32 /* CLLocationManagerStopRangingBeaconsInRegionSpy.swift */,
				0A3A10801E6DFF5700B81B32 /* CLLocationManagerStopUpdatingHeadingSpy.swift */,
				0A3A107C1E6DFE4A00B81B32 /* CLLocationManagerStopUpdatingLocationSpy.swift */,
			);
			path = CLLocationManager;
			sourceTree = "<group>";
		};
		0AFECA431E6D25AF006BD0EF = {
			isa = PBXGroup;
			children = (
				C1AA918CE23608159E99358E /* Frameworks */,
				878FEF8A3F81AE523F46C866 /* Pods */,
				0AFECA4E1E6D25AF006BD0EF /* Products */,
				0AFECA4F1E6D25AF006BD0EF /* TestableCoreLocation */,
				0AFECA5A1E6D25AF006BD0EF /* TestableCoreLocationTests */,
			);
			sourceTree = "<group>";
		};
		0AFECA4E1E6D25AF006BD0EF /* Products */ = {
			isa = PBXGroup;
			children = (
				0AFECA4D1E6D25AF006BD0EF /* TestableCoreLocation.framework */,
				0AFECA561E6D25AF006BD0EF /* TestableCoreLocationTests.xctest */,
			);
			name = Products;
			sourceTree = "<group>";
		};
		0AFECA4F1E6D25AF006BD0EF /* TestableCoreLocation */ = {
			isa = PBXGroup;
			children = (
				0A3A10731E6DFA8700B81B32 /* CLLocationManager */,
				0AFECA511E6D25AF006BD0EF /* Info.plist */,
				0A3A109A1E6E168600B81B32 /* MutableFloor.swift */,
				0A3A10A01E6E223D00B81B32 /* MutableHeading.swift */,
				0AFECA501E6D25AF006BD0EF /* TestableCoreLocation.h */,
			);
			path = TestableCoreLocation;
			sourceTree = "<group>";
		};
		0AFECA5A1E6D25AF006BD0EF /* TestableCoreLocationTests */ = {
			isa = PBXGroup;
			children = (
				0AFECA5D1E6D25AF006BD0EF /* Info.plist */,
				0AFECA671E6D279B006BD0EF /* Tests */,
				0AFECA6A1E6D2991006BD0EF /* Tools */,
			);
			path = TestableCoreLocationTests;
			sourceTree = "<group>";
		};
		0AFECA671E6D279B006BD0EF /* Tests */ = {
			isa = PBXGroup;
			children = (
				0AFECA681E6D27C7006BD0EF /* CLLocationManagerSpiesTests.swift */,
				0A3A10981E6E15CF00B81B32 /* MutableFloorTests.swift */,
				0A3A109E1E6E1F0400B81B32 /* MutableHeadingTests.swift */,
			);
			path = Tests;
			sourceTree = "<group>";
		};
		0AFECA6A1E6D2991006BD0EF /* Tools */ = {
			isa = PBXGroup;
			children = (
				0A3A109C1E6E1A5F00B81B32 /* SampleValues.swift */,
				0AFECA6B1E6D29A3006BD0EF /* TestLocationManager.swift */,
			);
			path = Tools;
			sourceTree = "<group>";
		};
		878FEF8A3F81AE523F46C866 /* Pods */ = {
			isa = PBXGroup;
			children = (
				1EA96F18F0F8A10CEC564361 /* Pods-TestableCoreLocationWorkspace-TestableCoreLocation.debug.xcconfig */,
				62F2EA682691453A47983397 /* Pods-TestableCoreLocationWorkspace-TestableCoreLocation.release.xcconfig */,
				C2BAFA2621F633D672DEC47E /* Pods-TestableCoreLocationWorkspace-TestableCoreLocationTests.debug.xcconfig */,
				96DFD0D18600B444BA053D5E /* Pods-TestableCoreLocationWorkspace-TestableCoreLocationTests.release.xcconfig */,
			);
			name = Pods;
			sourceTree = "<group>";
		};
		C1AA918CE23608159E99358E /* Frameworks */ = {
			isa = PBXGroup;
			children = (
				CBC233585156E84165C911EA /* Pods_TestableCoreLocationWorkspace_TestableCoreLocation.framework */,
				1860C6FFCC188ECF5D64DCB9 /* Pods_TestableCoreLocationWorkspace_TestableCoreLocationTests.framework */,
			);
			name = Frameworks;
			sourceTree = "<group>";
		};
/* End PBXGroup section */

/* Begin PBXHeadersBuildPhase section */
		0AFECA4A1E6D25AF006BD0EF /* Headers */ = {
			isa = PBXHeadersBuildPhase;
			buildActionMask = 2147483647;
			files = (
				0AFECA5E1E6D25AF006BD0EF /* TestableCoreLocation.h in Headers */,
			);
			runOnlyForDeploymentPostprocessing = 0;
		};
/* End PBXHeadersBuildPhase section */

/* Begin PBXNativeTarget section */
		0AFECA4C1E6D25AF006BD0EF /* TestableCoreLocation */ = {
			isa = PBXNativeTarget;
			buildConfigurationList = 0AFECA611E6D25AF006BD0EF /* Build configuration list for PBXNativeTarget "TestableCoreLocation" */;
			buildPhases = (
				866681022DE820B02674E549 /* [CP] Check Pods Manifest.lock */,
				0AFECA481E6D25AF006BD0EF /* Sources */,
				0AFECA491E6D25AF006BD0EF /* Frameworks */,
				0AFECA4A1E6D25AF006BD0EF /* Headers */,
				0AFECA4B1E6D25AF006BD0EF /* Resources */,
				F3B0F4C4D06CBD591B9D9307 /* [CP] Copy Pods Resources */,
			);
			buildRules = (
			);
			dependencies = (
			);
			name = TestableCoreLocation;
			productName = TestableCoreLocation;
			productReference = 0AFECA4D1E6D25AF006BD0EF /* TestableCoreLocation.framework */;
			productType = "com.apple.product-type.framework";
		};
		0AFECA551E6D25AF006BD0EF /* TestableCoreLocationTests */ = {
			isa = PBXNativeTarget;
			buildConfigurationList = 0AFECA641E6D25AF006BD0EF /* Build configuration list for PBXNativeTarget "TestableCoreLocationTests" */;
			buildPhases = (
				463A73504887DA8AFEA0E318 /* [CP] Check Pods Manifest.lock */,
				0AFECA521E6D25AF006BD0EF /* Sources */,
				0AFECA531E6D25AF006BD0EF /* Frameworks */,
				0AFECA541E6D25AF006BD0EF /* Resources */,
				E29A12D4DB9EA561C5029355 /* [CP] Embed Pods Frameworks */,
				4E04C9D3F3AC034D5A21B8BC /* [CP] Copy Pods Resources */,
			);
			buildRules = (
			);
			dependencies = (
				0AFECA591E6D25AF006BD0EF /* PBXTargetDependency */,
			);
			name = TestableCoreLocationTests;
			productName = TestableCoreLocationTests;
			productReference = 0AFECA561E6D25AF006BD0EF /* TestableCoreLocationTests.xctest */;
			productType = "com.apple.product-type.bundle.unit-test";
		};
/* End PBXNativeTarget section */

/* Begin PBXProject section */
		0AFECA441E6D25AF006BD0EF /* Project object */ = {
			isa = PBXProject;
			attributes = {
				LastSwiftUpdateCheck = 0820;
				LastUpgradeCheck = 0820;
				ORGANIZATIONNAME = "Swagger Soft";
				TargetAttributes = {
					0AFECA4C1E6D25AF006BD0EF = {
						CreatedOnToolsVersion = 8.2.1;
						DevelopmentTeam = QW3T4F66DC;
						LastSwiftMigration = 0820;
						ProvisioningStyle = Automatic;
					};
					0AFECA551E6D25AF006BD0EF = {
						CreatedOnToolsVersion = 8.2.1;
						DevelopmentTeam = QW3T4F66DC;
						LastSwiftMigration = 0820;
						ProvisioningStyle = Automatic;
					};
				};
			};
			buildConfigurationList = 0AFECA471E6D25AF006BD0EF /* Build configuration list for PBXProject "TestableCoreLocation" */;
			compatibilityVersion = "Xcode 3.2";
			developmentRegion = English;
			hasScannedForEncodings = 0;
			knownRegions = (
				en,
			);
			mainGroup = 0AFECA431E6D25AF006BD0EF;
			productRefGroup = 0AFECA4E1E6D25AF006BD0EF /* Products */;
			projectDirPath = "";
			projectRoot = "";
			targets = (
				0AFECA4C1E6D25AF006BD0EF /* TestableCoreLocation */,
				0AFECA551E6D25AF006BD0EF /* TestableCoreLocationTests */,
			);
		};
/* End PBXProject section */

/* Begin PBXResourcesBuildPhase section */
		0AFECA4B1E6D25AF006BD0EF /* Resources */ = {
			isa = PBXResourcesBuildPhase;
			buildActionMask = 2147483647;
			files = (
			);
			runOnlyForDeploymentPostprocessing = 0;
		};
		0AFECA541E6D25AF006BD0EF /* Resources */ = {
			isa = PBXResourcesBuildPhase;
			buildActionMask = 2147483647;
			files = (
			);
			runOnlyForDeploymentPostprocessing = 0;
		};
/* End PBXResourcesBuildPhase section */

/* Begin PBXShellScriptBuildPhase section */
		463A73504887DA8AFEA0E318 /* [CP] Check Pods Manifest.lock */ = {
			isa = PBXShellScriptBuildPhase;
			buildActionMask = 2147483647;
			files = (
			);
			inputPaths = (
			);
			name = "[CP] Check Pods Manifest.lock";
			outputPaths = (
			);
			runOnlyForDeploymentPostprocessing = 0;
			shellPath = /bin/sh;
			shellScript = "diff \"${PODS_ROOT}/../Podfile.lock\" \"${PODS_ROOT}/Manifest.lock\" > /dev/null\nif [ $? != 0 ] ; then\n    # print error to STDERR\n    echo \"error: The sandbox is not in sync with the Podfile.lock. Run 'pod install' or update your CocoaPods installation.\" >&2\n    exit 1\nfi\n";
			showEnvVarsInLog = 0;
		};
		4E04C9D3F3AC034D5A21B8BC /* [CP] Copy Pods Resources */ = {
			isa = PBXShellScriptBuildPhase;
			buildActionMask = 2147483647;
			files = (
			);
			inputPaths = (
			);
			name = "[CP] Copy Pods Resources";
			outputPaths = (
			);
			runOnlyForDeploymentPostprocessing = 0;
			shellPath = /bin/sh;
			shellScript = "\"${SRCROOT}/Pods/Target Support Files/Pods-TestableCoreLocationWorkspace-TestableCoreLocationTests/Pods-TestableCoreLocationWorkspace-TestableCoreLocationTests-resources.sh\"\n";
			showEnvVarsInLog = 0;
		};
		866681022DE820B02674E549 /* [CP] Check Pods Manifest.lock */ = {
			isa = PBXShellScriptBuildPhase;
			buildActionMask = 2147483647;
			files = (
			);
			inputPaths = (
			);
			name = "[CP] Check Pods Manifest.lock";
			outputPaths = (
			);
			runOnlyForDeploymentPostprocessing = 0;
			shellPath = /bin/sh;
			shellScript = "diff \"${PODS_ROOT}/../Podfile.lock\" \"${PODS_ROOT}/Manifest.lock\" > /dev/null\nif [ $? != 0 ] ; then\n    # print error to STDERR\n    echo \"error: The sandbox is not in sync with the Podfile.lock. Run 'pod install' or update your CocoaPods installation.\" >&2\n    exit 1\nfi\n";
			showEnvVarsInLog = 0;
		};
		E29A12D4DB9EA561C5029355 /* [CP] Embed Pods Frameworks */ = {
			isa = PBXShellScriptBuildPhase;
			buildActionMask = 2147483647;
			files = (
			);
			inputPaths = (
			);
			name = "[CP] Embed Pods Frameworks";
			outputPaths = (
			);
			runOnlyForDeploymentPostprocessing = 0;
			shellPath = /bin/sh;
			shellScript = "\"${SRCROOT}/Pods/Target Support Files/Pods-TestableCoreLocationWorkspace-TestableCoreLocationTests/Pods-TestableCoreLocationWorkspace-TestableCoreLocationTests-frameworks.sh\"\n";
			showEnvVarsInLog = 0;
		};
		F3B0F4C4D06CBD591B9D9307 /* [CP] Copy Pods Resources */ = {
			isa = PBXShellScriptBuildPhase;
			buildActionMask = 2147483647;
			files = (
			);
			inputPaths = (
			);
			name = "[CP] Copy Pods Resources";
			outputPaths = (
			);
			runOnlyForDeploymentPostprocessing = 0;
			shellPath = /bin/sh;
			shellScript = "\"${SRCROOT}/Pods/Target Support Files/Pods-TestableCoreLocationWorkspace-TestableCoreLocation/Pods-TestableCoreLocationWorkspace-TestableCoreLocation-resources.sh\"\n";
			showEnvVarsInLog = 0;
		};
/* End PBXShellScriptBuildPhase section */

/* Begin PBXSourcesBuildPhase section */
		0AFECA481E6D25AF006BD0EF /* Sources */ = {
			isa = PBXSourcesBuildPhase;
			buildActionMask = 2147483647;
			files = (
				0A3A108F1E6E07C000B81B32 /* CLLocationManagerStopRangingBeaconsInRegionSpy.swift in Sources */,
				0A3A10951E6E0CEE00B81B32 /* CLLocationManagerAllowDeferredLocationUpdatesSpy.swift in Sources */,
				0A3A107B1E6DFDB900B81B32 /* CLLocationManagerStartUpdatingLocationSpy.swift in Sources */,
				0A3A10851E6E019300B81B32 /* CLLocationManagerStartMonitoringSignificantLocationChangesSpy.swift in Sources */,
				0A3A10751E6DFAA100B81B32 /* CLLocationManagerRequestWhenInUseAuthorizationSpy.swift in Sources */,
				0A3A107F1E6DFF0900B81B32 /* CLLocationManagerStartUpdatingHeadingSpy.swift in Sources */,
				0A3A107D1E6DFE4A00B81B32 /* CLLocationManagerStopUpdatingLocationSpy.swift in Sources */,
				0A3A10931E6E089100B81B32 /* CLLocationManagerStopMonitoringVisitsSpy.swift in Sources */,
				0A3A10791E6DFD0A00B81B32 /* CLLocationManagerObjectSpyable.swift in Sources */,
				0A3A10A11E6E223D00B81B32 /* MutableHeading.swift in Sources */,
				0A3A108B1E6E05F900B81B32 /* CLLocationManagerStopMonitoringForRegionSpy.swift in Sources */,
				0A3A10971E6E13BD00B81B32 /* CLLocationManagerDisallowDeferredLocationUpdatesSpy.swift in Sources */,
				0A3A10811E6DFF5700B81B32 /* CLLocationManagerStopUpdatingHeadingSpy.swift in Sources */,
				0A3A10871E6E027100B81B32 /* CLLocationManagerStopMonitoringSignificantLocationChangesSpy.swift in Sources */,
				0A3A108D1E6E06D900B81B32 /* CLLocationManagerStartRangingBeaconsInRegionSpy.swift in Sources */,
				0A3A10831E6E00B200B81B32 /* CLLocationManagerDismissHeadingCalibrationDisplaySpy.swift in Sources */,
				0A3A109B1E6E168600B81B32 /* MutableFloor.swift in Sources */,
				0A3A10891E6E040300B81B32 /* CLLocationManagerStartMonitoringForRegionSpy.swift in Sources */,
				0A3A10771E6DFC6300B81B32 /* CLLocationManagerRequestAlwaysAuthorizationSpy.swift in Sources */,
				0A3A10911E6E086700B81B32 /* CLLocationManagerStartMonitoringVisitsSpy.swift in Sources */,
			);
			runOnlyForDeploymentPostprocessing = 0;
		};
		0AFECA521E6D25AF006BD0EF /* Sources */ = {
			isa = PBXSourcesBuildPhase;
			buildActionMask = 2147483647;
			files = (
				0A3A109F1E6E1F0400B81B32 /* MutableHeadingTests.swift in Sources */,
				0AFECA6C1E6D29A3006BD0EF /* TestLocationManager.swift in Sources */,
				0A3A10991E6E15CF00B81B32 /* MutableFloorTests.swift in Sources */,
				0AFECA691E6D27C7006BD0EF /* CLLocationManagerSpiesTests.swift in Sources */,
				0A3A109D1E6E1A5F00B81B32 /* SampleValues.swift in Sources */,
			);
			runOnlyForDeploymentPostprocessing = 0;
		};
/* End PBXSourcesBuildPhase section */

/* Begin PBXTargetDependency section */
		0AFECA591E6D25AF006BD0EF /* PBXTargetDependency */ = {
			isa = PBXTargetDependency;
			target = 0AFECA4C1E6D25AF006BD0EF /* TestableCoreLocation */;
			targetProxy = 0AFECA581E6D25AF006BD0EF /* PBXContainerItemProxy */;
		};
/* End PBXTargetDependency section */

/* Begin XCBuildConfiguration section */
		0AFECA5F1E6D25AF006BD0EF /* Debug */ = {
			isa = XCBuildConfiguration;
			buildSettings = {
				ALWAYS_SEARCH_USER_PATHS = NO;
				CLANG_ANALYZER_NONNULL = YES;
				CLANG_CXX_LANGUAGE_STANDARD = "gnu++0x";
				CLANG_CXX_LIBRARY = "libc++";
				CLANG_ENABLE_MODULES = YES;
				CLANG_ENABLE_OBJC_ARC = YES;
				CLANG_WARN_BOOL_CONVERSION = YES;
				CLANG_WARN_CONSTANT_CONVERSION = YES;
				CLANG_WARN_DIRECT_OBJC_ISA_USAGE = YES_ERROR;
				CLANG_WARN_DOCUMENTATION_COMMENTS = YES;
				CLANG_WARN_EMPTY_BODY = YES;
				CLANG_WARN_ENUM_CONVERSION = YES;
				CLANG_WARN_INFINITE_RECURSION = YES;
				CLANG_WARN_INT_CONVERSION = YES;
				CLANG_WARN_OBJC_ROOT_CLASS = YES_ERROR;
				CLANG_WARN_SUSPICIOUS_MOVE = YES;
				CLANG_WARN_UNREACHABLE_CODE = YES;
				CLANG_WARN__DUPLICATE_METHOD_MATCH = YES;
				"CODE_SIGN_IDENTITY[sdk=iphoneos*]" = "iPhone Developer";
				COPY_PHASE_STRIP = NO;
				CURRENT_PROJECT_VERSION = 1;
				DEBUG_INFORMATION_FORMAT = dwarf;
				ENABLE_STRICT_OBJC_MSGSEND = YES;
				ENABLE_TESTABILITY = YES;
				GCC_C_LANGUAGE_STANDARD = gnu99;
				GCC_DYNAMIC_NO_PIC = NO;
				GCC_NO_COMMON_BLOCKS = YES;
				GCC_OPTIMIZATION_LEVEL = 0;
				GCC_PREPROCESSOR_DEFINITIONS = (
					"DEBUG=1",
					"$(inherited)",
				);
				GCC_WARN_64_TO_32_BIT_CONVERSION = YES;
				GCC_WARN_ABOUT_RETURN_TYPE = YES_ERROR;
				GCC_WARN_UNDECLARED_SELECTOR = YES;
				GCC_WARN_UNINITIALIZED_AUTOS = YES_AGGRESSIVE;
				GCC_WARN_UNUSED_FUNCTION = YES;
				GCC_WARN_UNUSED_VARIABLE = YES;
				IPHONEOS_DEPLOYMENT_TARGET = 10.2;
				MTL_ENABLE_DEBUG_INFO = YES;
				ONLY_ACTIVE_ARCH = YES;
				SDKROOT = iphoneos;
				SWIFT_ACTIVE_COMPILATION_CONDITIONS = DEBUG;
				SWIFT_OPTIMIZATION_LEVEL = "-Onone";
				TARGETED_DEVICE_FAMILY = "1,2";
				VERSIONING_SYSTEM = "apple-generic";
				VERSION_INFO_PREFIX = "";
			};
			name = Debug;
		};
		0AFECA601E6D25AF006BD0EF /* Release */ = {
			isa = XCBuildConfiguration;
			buildSettings = {
				ALWAYS_SEARCH_USER_PATHS = NO;
				CLANG_ANALYZER_NONNULL = YES;
				CLANG_CXX_LANGUAGE_STANDARD = "gnu++0x";
				CLANG_CXX_LIBRARY = "libc++";
				CLANG_ENABLE_MODULES = YES;
				CLANG_ENABLE_OBJC_ARC = YES;
				CLANG_WARN_BOOL_CONVERSION = YES;
				CLANG_WARN_CONSTANT_CONVERSION = YES;
				CLANG_WARN_DIRECT_OBJC_ISA_USAGE = YES_ERROR;
				CLANG_WARN_DOCUMENTATION_COMMENTS = YES;
				CLANG_WARN_EMPTY_BODY = YES;
				CLANG_WARN_ENUM_CONVERSION = YES;
				CLANG_WARN_INFINITE_RECURSION = YES;
				CLANG_WARN_INT_CONVERSION = YES;
				CLANG_WARN_OBJC_ROOT_CLASS = YES_ERROR;
				CLANG_WARN_SUSPICIOUS_MOVE = YES;
				CLANG_WARN_UNREACHABLE_CODE = YES;
				CLANG_WARN__DUPLICATE_METHOD_MATCH = YES;
				"CODE_SIGN_IDENTITY[sdk=iphoneos*]" = "iPhone Developer";
				COPY_PHASE_STRIP = NO;
				CURRENT_PROJECT_VERSION = 1;
				DEBUG_INFORMATION_FORMAT = "dwarf-with-dsym";
				ENABLE_NS_ASSERTIONS = NO;
				ENABLE_STRICT_OBJC_MSGSEND = YES;
				GCC_C_LANGUAGE_STANDARD = gnu99;
				GCC_NO_COMMON_BLOCKS = YES;
				GCC_WARN_64_TO_32_BIT_CONVERSION = YES;
				GCC_WARN_ABOUT_RETURN_TYPE = YES_ERROR;
				GCC_WARN_UNDECLARED_SELECTOR = YES;
				GCC_WARN_UNINITIALIZED_AUTOS = YES_AGGRESSIVE;
				GCC_WARN_UNUSED_FUNCTION = YES;
				GCC_WARN_UNUSED_VARIABLE = YES;
				IPHONEOS_DEPLOYMENT_TARGET = 10.2;
				MTL_ENABLE_DEBUG_INFO = NO;
				SDKROOT = iphoneos;
				SWIFT_OPTIMIZATION_LEVEL = "-Owholemodule";
				TARGETED_DEVICE_FAMILY = "1,2";
				VALIDATE_PRODUCT = YES;
				VERSIONING_SYSTEM = "apple-generic";
				VERSION_INFO_PREFIX = "";
			};
			name = Release;
		};
		0AFECA621E6D25AF006BD0EF /* Debug */ = {
			isa = XCBuildConfiguration;
			baseConfigurationReference = 1EA96F18F0F8A10CEC564361 /* Pods-TestableCoreLocationWorkspace-TestableCoreLocation.debug.xcconfig */;
			buildSettings = {
				CLANG_ENABLE_MODULES = YES;
				CODE_SIGN_IDENTITY = "";
				DEFINES_MODULE = YES;
				DEVELOPMENT_TEAM = QW3T4F66DC;
				DYLIB_COMPATIBILITY_VERSION = 1;
				DYLIB_CURRENT_VERSION = 1;
				DYLIB_INSTALL_NAME_BASE = "@rpath";
				INFOPLIST_FILE = TestableCoreLocation/Info.plist;
				INSTALL_PATH = "$(LOCAL_LIBRARY_DIR)/Frameworks";
				LD_RUNPATH_SEARCH_PATHS = "$(inherited) @executable_path/Frameworks @loader_path/Frameworks";
				PRODUCT_BUNDLE_IDENTIFIER = com.samodom.TestableCoreLocation;
				PRODUCT_NAME = "$(TARGET_NAME)";
				SKIP_INSTALL = YES;
				SWIFT_OPTIMIZATION_LEVEL = "-Onone";
				SWIFT_VERSION = 3.0;
			};
			name = Debug;
		};
		0AFECA631E6D25AF006BD0EF /* Release */ = {
			isa = XCBuildConfiguration;
			baseConfigurationReference = 62F2EA682691453A47983397 /* Pods-TestableCoreLocationWorkspace-TestableCoreLocation.release.xcconfig */;
			buildSettings = {
				CLANG_ENABLE_MODULES = YES;
				CODE_SIGN_IDENTITY = "";
				DEFINES_MODULE = YES;
				DEVELOPMENT_TEAM = QW3T4F66DC;
				DYLIB_COMPATIBILITY_VERSION = 1;
				DYLIB_CURRENT_VERSION = 1;
				DYLIB_INSTALL_NAME_BASE = "@rpath";
				INFOPLIST_FILE = TestableCoreLocation/Info.plist;
				INSTALL_PATH = "$(LOCAL_LIBRARY_DIR)/Frameworks";
				LD_RUNPATH_SEARCH_PATHS = "$(inherited) @executable_path/Frameworks @loader_path/Frameworks";
				PRODUCT_BUNDLE_IDENTIFIER = com.samodom.TestableCoreLocation;
				PRODUCT_NAME = "$(TARGET_NAME)";
				SKIP_INSTALL = YES;
				SWIFT_VERSION = 3.0;
			};
			name = Release;
		};
		0AFECA651E6D25AF006BD0EF /* Debug */ = {
			isa = XCBuildConfiguration;
			baseConfigurationReference = C2BAFA2621F633D672DEC47E /* Pods-TestableCoreLocationWorkspace-TestableCoreLocationTests.debug.xcconfig */;
			buildSettings = {
				ALWAYS_EMBED_SWIFT_STANDARD_LIBRARIES = YES;
				CLANG_ENABLE_MODULES = YES;
				DEVELOPMENT_TEAM = QW3T4F66DC;
				INFOPLIST_FILE = TestableCoreLocationTests/Info.plist;
				LD_RUNPATH_SEARCH_PATHS = "$(inherited) @executable_path/Frameworks @loader_path/Frameworks";
				PRODUCT_BUNDLE_IDENTIFIER = com.samodom.TestableCoreLocationTests;
				PRODUCT_NAME = "$(TARGET_NAME)";
				SWIFT_OPTIMIZATION_LEVEL = "-Onone";
				SWIFT_VERSION = 3.0;
			};
			name = Debug;
		};
		0AFECA661E6D25AF006BD0EF /* Release */ = {
			isa = XCBuildConfiguration;
			baseConfigurationReference = 96DFD0D18600B444BA053D5E /* Pods-TestableCoreLocationWorkspace-TestableCoreLocationTests.release.xcconfig */;
			buildSettings = {
				ALWAYS_EMBED_SWIFT_STANDARD_LIBRARIES = YES;
				CLANG_ENABLE_MODULES = YES;
				DEVELOPMENT_TEAM = QW3T4F66DC;
				INFOPLIST_FILE = TestableCoreLocationTests/Info.plist;
				LD_RUNPATH_SEARCH_PATHS = "$(inherited) @executable_path/Frameworks @loader_path/Frameworks";
				PRODUCT_BUNDLE_IDENTIFIER = com.samodom.TestableCoreLocationTests;
				PRODUCT_NAME = "$(TARGET_NAME)";
				SWIFT_VERSION = 3.0;
			};
			name = Release;
		};
/* End XCBuildConfiguration section */

/* Begin XCConfigurationList section */
		0AFECA471E6D25AF006BD0EF /* Build configuration list for PBXProject "TestableCoreLocation" */ = {
			isa = XCConfigurationList;
			buildConfigurations = (
				0AFECA5F1E6D25AF006BD0EF /* Debug */,
				0AFECA601E6D25AF006BD0EF /* Release */,
			);
			defaultConfigurationIsVisible = 0;
			defaultConfigurationName = Release;
		};
		0AFECA611E6D25AF006BD0EF /* Build configuration list for PBXNativeTarget "TestableCoreLocation" */ = {
			isa = XCConfigurationList;
			buildConfigurations = (
				0AFECA621E6D25AF006BD0EF /* Debug */,
				0AFECA631E6D25AF006BD0EF /* Release */,
			);
			defaultConfigurationIsVisible = 0;
			defaultConfigurationName = Release;
		};
		0AFECA641E6D25AF006BD0EF /* Build configuration list for PBXNativeTarget "TestableCoreLocationTests" */ = {
			isa = XCConfigurationList;
			buildConfigurations = (
				0AFECA651E6D25AF006BD0EF /* Debug */,
				0AFECA661E6D25AF006BD0EF /* Release */,
			);
			defaultConfigurationIsVisible = 0;
			defaultConfigurationName = Release;
		};
/* End XCConfigurationList section */
	};
	rootObject = 0AFECA441E6D25AF006BD0EF /* Project object */;
}
