// !$*UTF8*$!
{
	archiveVersion = 1;
	classes = {
	};
	objectVersion = 46;
	objects = {

/* Begin PBXBuildFile section */
		0A95485B1A4A9CD80065D9FA /* TestableCoreLocation.h in Headers */ = {isa = PBXBuildFile; fileRef = 0A95485A1A4A9CD80065D9FA /* TestableCoreLocation.h */; settings = {ATTRIBUTES = (Public, ); }; };
		0A9548611A4A9CD80065D9FA /* TestableCoreLocation.framework in Frameworks */ = {isa = PBXBuildFile; fileRef = 0A9548551A4A9CD80065D9FA /* TestableCoreLocation.framework */; };
		0A9548731A4A9DA30065D9FA /* CLLocationManagerCallsTests.swift in Sources */ = {isa = PBXBuildFile; fileRef = 0A9548721A4A9DA30065D9FA /* CLLocationManagerCallsTests.swift */; };
		0A9548761A4A9EA80065D9FA /* CLLocationManager.swift in Sources */ = {isa = PBXBuildFile; fileRef = 0A9548751A4A9EA80065D9FA /* CLLocationManager.swift */; };
		0A9548771A4A9EA80065D9FA /* CLLocationManager.swift in Sources */ = {isa = PBXBuildFile; fileRef = 0A9548751A4A9EA80065D9FA /* CLLocationManager.swift */; };
		0A9548791A4A9F090065D9FA /* CLLocationManagerCalls.swift in Sources */ = {isa = PBXBuildFile; fileRef = 0A9548781A4A9F090065D9FA /* CLLocationManagerCalls.swift */; };
		0A95487A1A4A9F090065D9FA /* CLLocationManagerCalls.swift in Sources */ = {isa = PBXBuildFile; fileRef = 0A9548781A4A9F090065D9FA /* CLLocationManagerCalls.swift */; };
		0A95487D1A4AA0940065D9FA /* ShimMethodForwarding.swift in Sources */ = {isa = PBXBuildFile; fileRef = 0A95487C1A4AA0940065D9FA /* ShimMethodForwarding.swift */; };
		0A95487E1A4AA0940065D9FA /* ShimMethodForwarding.swift in Sources */ = {isa = PBXBuildFile; fileRef = 0A95487C1A4AA0940065D9FA /* ShimMethodForwarding.swift */; };
		0A9548811A4B1C120065D9FA /* ShimMethodForwardingListTests.swift in Sources */ = {isa = PBXBuildFile; fileRef = 0A95487F1A4B1C120065D9FA /* ShimMethodForwardingListTests.swift */; };
		0A9548831A4B35EA0065D9FA /* MutableCLLocationTests.swift in Sources */ = {isa = PBXBuildFile; fileRef = 0A9548821A4B35EA0065D9FA /* MutableCLLocationTests.swift */; };
		0A9548861A4B39120065D9FA /* CLLocationCoordinate2DEquatability.swift in Sources */ = {isa = PBXBuildFile; fileRef = 0A9548851A4B39120065D9FA /* CLLocationCoordinate2DEquatability.swift */; };
		0A9548891A4B39F30065D9FA /* CLLocation.swift in Sources */ = {isa = PBXBuildFile; fileRef = 0A9548881A4B39F30065D9FA /* CLLocation.swift */; };
		0A95488A1A4B3DE30065D9FA /* CLLocation.swift in Sources */ = {isa = PBXBuildFile; fileRef = 0A9548881A4B39F30065D9FA /* CLLocation.swift */; };
		0A95488C1A4B4D9F0065D9FA /* MutableCLHeadingTests.swift in Sources */ = {isa = PBXBuildFile; fileRef = 0A95488B1A4B4D9F0065D9FA /* MutableCLHeadingTests.swift */; };
		0A95488F1A4B4E750065D9FA /* CLHeadingComponentValues3D.swift in Sources */ = {isa = PBXBuildFile; fileRef = 0A95488E1A4B4E750065D9FA /* CLHeadingComponentValues3D.swift */; };
		0A9548901A4B4E750065D9FA /* CLHeadingComponentValues3D.swift in Sources */ = {isa = PBXBuildFile; fileRef = 0A95488E1A4B4E750065D9FA /* CLHeadingComponentValues3D.swift */; };
		0A9548921A4B4F4E0065D9FA /* CLHeading.swift in Sources */ = {isa = PBXBuildFile; fileRef = 0A9548911A4B4F4E0065D9FA /* CLHeading.swift */; };
		0A9548931A4B4F4E0065D9FA /* CLHeading.swift in Sources */ = {isa = PBXBuildFile; fileRef = 0A9548911A4B4F4E0065D9FA /* CLHeading.swift */; };
/* End PBXBuildFile section */

/* Begin PBXContainerItemProxy section */
		0A9548621A4A9CD80065D9FA /* PBXContainerItemProxy */ = {
			isa = PBXContainerItemProxy;
			containerPortal = 0A95484C1A4A9CD80065D9FA /* Project object */;
			proxyType = 1;
			remoteGlobalIDString = 0A9548541A4A9CD80065D9FA;
			remoteInfo = TestableCoreLocation;
		};
/* End PBXContainerItemProxy section */

/* Begin PBXFileReference section */
		0A9548551A4A9CD80065D9FA /* TestableCoreLocation.framework */ = {isa = PBXFileReference; explicitFileType = wrapper.framework; includeInIndex = 0; path = TestableCoreLocation.framework; sourceTree = BUILT_PRODUCTS_DIR; };
		0A9548591A4A9CD80065D9FA /* Info.plist */ = {isa = PBXFileReference; lastKnownFileType = text.plist.xml; path = Info.plist; sourceTree = "<group>"; };
		0A95485A1A4A9CD80065D9FA /* TestableCoreLocation.h */ = {isa = PBXFileReference; lastKnownFileType = sourcecode.c.h; path = TestableCoreLocation.h; sourceTree = "<group>"; };
		0A9548601A4A9CD80065D9FA /* TestableCoreLocationTests.xctest */ = {isa = PBXFileReference; explicitFileType = wrapper.cfbundle; includeInIndex = 0; path = TestableCoreLocationTests.xctest; sourceTree = BUILT_PRODUCTS_DIR; };
		0A9548661A4A9CD80065D9FA /* Info.plist */ = {isa = PBXFileReference; lastKnownFileType = text.plist.xml; path = Info.plist; sourceTree = "<group>"; };
		0A9548721A4A9DA30065D9FA /* CLLocationManagerCallsTests.swift */ = {isa = PBXFileReference; fileEncoding = 4; lastKnownFileType = sourcecode.swift; path = CLLocationManagerCallsTests.swift; sourceTree = "<group>"; };
		0A9548751A4A9EA80065D9FA /* CLLocationManager.swift */ = {isa = PBXFileReference; fileEncoding = 4; lastKnownFileType = sourcecode.swift; path = CLLocationManager.swift; sourceTree = "<group>"; };
		0A9548781A4A9F090065D9FA /* CLLocationManagerCalls.swift */ = {isa = PBXFileReference; fileEncoding = 4; lastKnownFileType = sourcecode.swift; path = CLLocationManagerCalls.swift; sourceTree = "<group>"; };
		0A95487C1A4AA0940065D9FA /* ShimMethodForwarding.swift */ = {isa = PBXFileReference; fileEncoding = 4; lastKnownFileType = sourcecode.swift; path = ShimMethodForwarding.swift; sourceTree = "<group>"; };
		0A95487F1A4B1C120065D9FA /* ShimMethodForwardingListTests.swift */ = {isa = PBXFileReference; fileEncoding = 4; lastKnownFileType = sourcecode.swift; path = ShimMethodForwardingListTests.swift; sourceTree = "<group>"; };
		0A9548821A4B35EA0065D9FA /* MutableCLLocationTests.swift */ = {isa = PBXFileReference; fileEncoding = 4; lastKnownFileType = sourcecode.swift; path = MutableCLLocationTests.swift; sourceTree = "<group>"; };
		0A9548851A4B39120065D9FA /* CLLocationCoordinate2DEquatability.swift */ = {isa = PBXFileReference; fileEncoding = 4; lastKnownFileType = sourcecode.swift; path = CLLocationCoordinate2DEquatability.swift; sourceTree = "<group>"; };
		0A9548881A4B39F30065D9FA /* CLLocation.swift */ = {isa = PBXFileReference; fileEncoding = 4; lastKnownFileType = sourcecode.swift; path = CLLocation.swift; sourceTree = "<group>"; };
		0A95488B1A4B4D9F0065D9FA /* MutableCLHeadingTests.swift */ = {isa = PBXFileReference; fileEncoding = 4; lastKnownFileType = sourcecode.swift; path = MutableCLHeadingTests.swift; sourceTree = "<group>"; };
		0A95488E1A4B4E750065D9FA /* CLHeadingComponentValues3D.swift */ = {isa = PBXFileReference; fileEncoding = 4; lastKnownFileType = sourcecode.swift; path = CLHeadingComponentValues3D.swift; sourceTree = "<group>"; };
		0A9548911A4B4F4E0065D9FA /* CLHeading.swift */ = {isa = PBXFileReference; fileEncoding = 4; lastKnownFileType = sourcecode.swift; path = CLHeading.swift; sourceTree = "<group>"; };
/* End PBXFileReference section */

/* Begin PBXFrameworksBuildPhase section */
		0A9548511A4A9CD80065D9FA /* Frameworks */ = {
			isa = PBXFrameworksBuildPhase;
			buildActionMask = 2147483647;
			files = (
			);
			runOnlyForDeploymentPostprocessing = 0;
		};
		0A95485D1A4A9CD80065D9FA /* Frameworks */ = {
			isa = PBXFrameworksBuildPhase;
			buildActionMask = 2147483647;
			files = (
				0A9548611A4A9CD80065D9FA /* TestableCoreLocation.framework in Frameworks */,
			);
			runOnlyForDeploymentPostprocessing = 0;
		};
/* End PBXFrameworksBuildPhase section */

/* Begin PBXGroup section */
		0A95484B1A4A9CD80065D9FA = {
			isa = PBXGroup;
			children = (
				0A9548571A4A9CD80065D9FA /* TestableCoreLocation */,
				0A9548641A4A9CD80065D9FA /* TestableCoreLocationTests */,
				0A9548561A4A9CD80065D9FA /* Products */,
			);
			sourceTree = "<group>";
		};
		0A9548561A4A9CD80065D9FA /* Products */ = {
			isa = PBXGroup;
			children = (
				0A9548551A4A9CD80065D9FA /* TestableCoreLocation.framework */,
				0A9548601A4A9CD80065D9FA /* TestableCoreLocationTests.xctest */,
			);
			name = Products;
			sourceTree = "<group>";
		};
		0A9548571A4A9CD80065D9FA /* TestableCoreLocation */ = {
			isa = PBXGroup;
			children = (
				0A95488D1A4B4E460065D9FA /* CLHeading */,
				0A9548871A4B39E20065D9FA /* CLLocation */,
				0A9548741A4A9E8F0065D9FA /* CLLocationManager */,
				0A9548581A4A9CD80065D9FA /* Supporting Files */,
				0A95485A1A4A9CD80065D9FA /* TestableCoreLocation.h */,
				0A95487B1A4AA0940065D9FA /* Tools */,
			);
			path = TestableCoreLocation;
			sourceTree = "<group>";
		};
		0A9548581A4A9CD80065D9FA /* Supporting Files */ = {
			isa = PBXGroup;
			children = (
				0A9548591A4A9CD80065D9FA /* Info.plist */,
			);
			name = "Supporting Files";
			sourceTree = "<group>";
		};
		0A9548641A4A9CD80065D9FA /* TestableCoreLocationTests */ = {
			isa = PBXGroup;
			children = (
				0A9548651A4A9CD80065D9FA /* Supporting Files */,
				0A9548711A4A9D2C0065D9FA /* Tests */,
				0A9548841A4B38EE0065D9FA /* Tools */,
			);
			path = TestableCoreLocationTests;
			sourceTree = "<group>";
		};
		0A9548651A4A9CD80065D9FA /* Supporting Files */ = {
			isa = PBXGroup;
			children = (
				0A9548661A4A9CD80065D9FA /* Info.plist */,
			);
			name = "Supporting Files";
			sourceTree = "<group>";
		};
		0A9548711A4A9D2C0065D9FA /* Tests */ = {
			isa = PBXGroup;
			children = (
				0A9548721A4A9DA30065D9FA /* CLLocationManagerCallsTests.swift */,
				0A95488B1A4B4D9F0065D9FA /* MutableCLHeadingTests.swift */,
				0A9548821A4B35EA0065D9FA /* MutableCLLocationTests.swift */,
				0A95487F1A4B1C120065D9FA /* ShimMethodForwardingListTests.swift */,
			);
			path = Tests;
			sourceTree = "<group>";
		};
		0A9548741A4A9E8F0065D9FA /* CLLocationManager */ = {
			isa = PBXGroup;
			children = (
				0A9548751A4A9EA80065D9FA /* CLLocationManager.swift */,
				0A9548781A4A9F090065D9FA /* CLLocationManagerCalls.swift */,
			);
			path = CLLocationManager;
			sourceTree = "<group>";
		};
		0A95487B1A4AA0940065D9FA /* Tools */ = {
			isa = PBXGroup;
			children = (
				0A95487C1A4AA0940065D9FA /* ShimMethodForwarding.swift */,
			);
			path = Tools;
			sourceTree = "<group>";
		};
		0A9548841A4B38EE0065D9FA /* Tools */ = {
			isa = PBXGroup;
			children = (
				0A9548851A4B39120065D9FA /* CLLocationCoordinate2DEquatability.swift */,
			);
			path = Tools;
			sourceTree = "<group>";
		};
		0A9548871A4B39E20065D9FA /* CLLocation */ = {
			isa = PBXGroup;
			children = (
				0A9548881A4B39F30065D9FA /* CLLocation.swift */,
			);
			path = CLLocation;
			sourceTree = "<group>";
		};
		0A95488D1A4B4E460065D9FA /* CLHeading */ = {
			isa = PBXGroup;
			children = (
				0A9548911A4B4F4E0065D9FA /* CLHeading.swift */,
				0A95488E1A4B4E750065D9FA /* CLHeadingComponentValues3D.swift */,
			);
			path = CLHeading;
			sourceTree = "<group>";
		};
/* End PBXGroup section */

/* Begin PBXHeadersBuildPhase section */
		0A9548521A4A9CD80065D9FA /* Headers */ = {
			isa = PBXHeadersBuildPhase;
			buildActionMask = 2147483647;
			files = (
				0A95485B1A4A9CD80065D9FA /* TestableCoreLocation.h in Headers */,
			);
			runOnlyForDeploymentPostprocessing = 0;
		};
/* End PBXHeadersBuildPhase section */

/* Begin PBXNativeTarget section */
		0A9548541A4A9CD80065D9FA /* TestableCoreLocation */ = {
			isa = PBXNativeTarget;
			buildConfigurationList = 0A95486B1A4A9CD80065D9FA /* Build configuration list for PBXNativeTarget "TestableCoreLocation" */;
			buildPhases = (
				0A9548501A4A9CD80065D9FA /* Sources */,
				0A9548511A4A9CD80065D9FA /* Frameworks */,
				0A9548521A4A9CD80065D9FA /* Headers */,
				0A9548531A4A9CD80065D9FA /* Resources */,
			);
			buildRules = (
			);
			dependencies = (
			);
			name = TestableCoreLocation;
			productName = TestableCoreLocation;
			productReference = 0A9548551A4A9CD80065D9FA /* TestableCoreLocation.framework */;
			productType = "com.apple.product-type.framework";
		};
		0A95485F1A4A9CD80065D9FA /* TestableCoreLocationTests */ = {
			isa = PBXNativeTarget;
			buildConfigurationList = 0A95486E1A4A9CD80065D9FA /* Build configuration list for PBXNativeTarget "TestableCoreLocationTests" */;
			buildPhases = (
				0A95485C1A4A9CD80065D9FA /* Sources */,
				0A95485D1A4A9CD80065D9FA /* Frameworks */,
				0A95485E1A4A9CD80065D9FA /* Resources */,
			);
			buildRules = (
			);
			dependencies = (
				0A9548631A4A9CD80065D9FA /* PBXTargetDependency */,
			);
			name = TestableCoreLocationTests;
			productName = TestableCoreLocationTests;
			productReference = 0A9548601A4A9CD80065D9FA /* TestableCoreLocationTests.xctest */;
			productType = "com.apple.product-type.bundle.unit-test";
		};
/* End PBXNativeTarget section */

/* Begin PBXProject section */
		0A95484C1A4A9CD80065D9FA /* Project object */ = {
			isa = PBXProject;
			attributes = {
				LastUpgradeCheck = 0620;
				ORGANIZATIONNAME = "Swagger Soft";
				TargetAttributes = {
					0A9548541A4A9CD80065D9FA = {
						CreatedOnToolsVersion = 6.2;
					};
					0A95485F1A4A9CD80065D9FA = {
						CreatedOnToolsVersion = 6.2;
					};
				};
			};
			buildConfigurationList = 0A95484F1A4A9CD80065D9FA /* Build configuration list for PBXProject "TestableCoreLocation" */;
			compatibilityVersion = "Xcode 3.2";
			developmentRegion = English;
			hasScannedForEncodings = 0;
			knownRegions = (
				en,
			);
			mainGroup = 0A95484B1A4A9CD80065D9FA;
			productRefGroup = 0A9548561A4A9CD80065D9FA /* Products */;
			projectDirPath = "";
			projectRoot = "";
			targets = (
				0A9548541A4A9CD80065D9FA /* TestableCoreLocation */,
				0A95485F1A4A9CD80065D9FA /* TestableCoreLocationTests */,
			);
		};
/* End PBXProject section */

/* Begin PBXResourcesBuildPhase section */
		0A9548531A4A9CD80065D9FA /* Resources */ = {
			isa = PBXResourcesBuildPhase;
			buildActionMask = 2147483647;
			files = (
			);
			runOnlyForDeploymentPostprocessing = 0;
		};
		0A95485E1A4A9CD80065D9FA /* Resources */ = {
			isa = PBXResourcesBuildPhase;
			buildActionMask = 2147483647;
			files = (
			);
			runOnlyForDeploymentPostprocessing = 0;
		};
/* End PBXResourcesBuildPhase section */

/* Begin PBXSourcesBuildPhase section */
		0A9548501A4A9CD80065D9FA /* Sources */ = {
			isa = PBXSourcesBuildPhase;
			buildActionMask = 2147483647;
			files = (
				0A9548761A4A9EA80065D9FA /* CLLocationManager.swift in Sources */,
				0A9548921A4B4F4E0065D9FA /* CLHeading.swift in Sources */,
				0A95488F1A4B4E750065D9FA /* CLHeadingComponentValues3D.swift in Sources */,
				0A95487D1A4AA0940065D9FA /* ShimMethodForwarding.swift in Sources */,
				0A9548791A4A9F090065D9FA /* CLLocationManagerCalls.swift in Sources */,
				0A9548891A4B39F30065D9FA /* CLLocation.swift in Sources */,
			);
			runOnlyForDeploymentPostprocessing = 0;
		};
		0A95485C1A4A9CD80065D9FA /* Sources */ = {
			isa = PBXSourcesBuildPhase;
			buildActionMask = 2147483647;
			files = (
				0A95488C1A4B4D9F0065D9FA /* MutableCLHeadingTests.swift in Sources */,
				0A9548811A4B1C120065D9FA /* ShimMethodForwardingListTests.swift in Sources */,
				0A9548731A4A9DA30065D9FA /* CLLocationManagerCallsTests.swift in Sources */,
				0A9548831A4B35EA0065D9FA /* MutableCLLocationTests.swift in Sources */,
				0A95488A1A4B3DE30065D9FA /* CLLocation.swift in Sources */,
				0A95487A1A4A9F090065D9FA /* CLLocationManagerCalls.swift in Sources */,
				0A9548901A4B4E750065D9FA /* CLHeadingComponentValues3D.swift in Sources */,
				0A9548931A4B4F4E0065D9FA /* CLHeading.swift in Sources */,
				0A95487E1A4AA0940065D9FA /* ShimMethodForwarding.swift in Sources */,
				0A9548771A4A9EA80065D9FA /* CLLocationManager.swift in Sources */,
				0A9548861A4B39120065D9FA /* CLLocationCoordinate2DEquatability.swift in Sources */,
			);
			runOnlyForDeploymentPostprocessing = 0;
		};
/* End PBXSourcesBuildPhase section */

/* Begin PBXTargetDependency section */
		0A9548631A4A9CD80065D9FA /* PBXTargetDependency */ = {
			isa = PBXTargetDependency;
			target = 0A9548541A4A9CD80065D9FA /* TestableCoreLocation */;
			targetProxy = 0A9548621A4A9CD80065D9FA /* PBXContainerItemProxy */;
		};
/* End PBXTargetDependency section */

/* Begin XCBuildConfiguration section */
		0A9548691A4A9CD80065D9FA /* Debug */ = {
			isa = XCBuildConfiguration;
			buildSettings = {
				ALWAYS_SEARCH_USER_PATHS = NO;
				CLANG_CXX_LANGUAGE_STANDARD = "gnu++0x";
				CLANG_CXX_LIBRARY = "libc++";
				CLANG_ENABLE_MODULES = YES;
				CLANG_ENABLE_OBJC_ARC = YES;
				CLANG_WARN_BOOL_CONVERSION = YES;
				CLANG_WARN_CONSTANT_CONVERSION = YES;
				CLANG_WARN_DIRECT_OBJC_ISA_USAGE = YES_ERROR;
				CLANG_WARN_EMPTY_BODY = YES;
				CLANG_WARN_ENUM_CONVERSION = YES;
				CLANG_WARN_INT_CONVERSION = YES;
				CLANG_WARN_OBJC_ROOT_CLASS = YES_ERROR;
				CLANG_WARN_UNREACHABLE_CODE = YES;
				CLANG_WARN__DUPLICATE_METHOD_MATCH = YES;
				"CODE_SIGN_IDENTITY[sdk=iphoneos*]" = "iPhone Developer";
				COPY_PHASE_STRIP = NO;
				CURRENT_PROJECT_VERSION = 1;
				ENABLE_STRICT_OBJC_MSGSEND = YES;
				GCC_C_LANGUAGE_STANDARD = gnu99;
				GCC_DYNAMIC_NO_PIC = NO;
				GCC_OPTIMIZATION_LEVEL = 0;
				GCC_PREPROCESSOR_DEFINITIONS = (
					"DEBUG=1",
					"$(inherited)",
				);
				GCC_SYMBOLS_PRIVATE_EXTERN = NO;
				GCC_WARN_64_TO_32_BIT_CONVERSION = YES;
				GCC_WARN_ABOUT_RETURN_TYPE = YES_ERROR;
				GCC_WARN_UNDECLARED_SELECTOR = YES;
				GCC_WARN_UNINITIALIZED_AUTOS = YES_AGGRESSIVE;
				GCC_WARN_UNUSED_FUNCTION = YES;
				GCC_WARN_UNUSED_VARIABLE = YES;
				IPHONEOS_DEPLOYMENT_TARGET = 8.2;
				MTL_ENABLE_DEBUG_INFO = YES;
				ONLY_ACTIVE_ARCH = YES;
				SDKROOT = iphoneos;
				SWIFT_OPTIMIZATION_LEVEL = "-Onone";
				TARGETED_DEVICE_FAMILY = "1,2";
				VERSIONING_SYSTEM = "apple-generic";
				VERSION_INFO_PREFIX = "";
			};
			name = Debug;
		};
		0A95486A1A4A9CD80065D9FA /* Release */ = {
			isa = XCBuildConfiguration;
			buildSettings = {
				ALWAYS_SEARCH_USER_PATHS = NO;
				CLANG_CXX_LANGUAGE_STANDARD = "gnu++0x";
				CLANG_CXX_LIBRARY = "libc++";
				CLANG_ENABLE_MODULES = YES;
				CLANG_ENABLE_OBJC_ARC = YES;
				CLANG_WARN_BOOL_CONVERSION = YES;
				CLANG_WARN_CONSTANT_CONVERSION = YES;
				CLANG_WARN_DIRECT_OBJC_ISA_USAGE = YES_ERROR;
				CLANG_WARN_EMPTY_BODY = YES;
				CLANG_WARN_ENUM_CONVERSION = YES;
				CLANG_WARN_INT_CONVERSION = YES;
				CLANG_WARN_OBJC_ROOT_CLASS = YES_ERROR;
				CLANG_WARN_UNREACHABLE_CODE = YES;
				CLANG_WARN__DUPLICATE_METHOD_MATCH = YES;
				"CODE_SIGN_IDENTITY[sdk=iphoneos*]" = "iPhone Developer";
				COPY_PHASE_STRIP = NO;
				CURRENT_PROJECT_VERSION = 1;
				ENABLE_NS_ASSERTIONS = NO;
				ENABLE_STRICT_OBJC_MSGSEND = YES;
				GCC_C_LANGUAGE_STANDARD = gnu99;
				GCC_WARN_64_TO_32_BIT_CONVERSION = YES;
				GCC_WARN_ABOUT_RETURN_TYPE = YES_ERROR;
				GCC_WARN_UNDECLARED_SELECTOR = YES;
				GCC_WARN_UNINITIALIZED_AUTOS = YES_AGGRESSIVE;
				GCC_WARN_UNUSED_FUNCTION = YES;
				GCC_WARN_UNUSED_VARIABLE = YES;
				IPHONEOS_DEPLOYMENT_TARGET = 8.2;
				MTL_ENABLE_DEBUG_INFO = NO;
				SDKROOT = iphoneos;
				TARGETED_DEVICE_FAMILY = "1,2";
				VALIDATE_PRODUCT = YES;
				VERSIONING_SYSTEM = "apple-generic";
				VERSION_INFO_PREFIX = "";
			};
			name = Release;
		};
		0A95486C1A4A9CD80065D9FA /* Debug */ = {
			isa = XCBuildConfiguration;
			buildSettings = {
				CLANG_ENABLE_MODULES = YES;
				DEFINES_MODULE = YES;
				DYLIB_COMPATIBILITY_VERSION = 1;
				DYLIB_CURRENT_VERSION = 1;
				DYLIB_INSTALL_NAME_BASE = "@rpath";
				EMBEDDED_CONTENT_CONTAINS_SWIFT = YES;
				INFOPLIST_FILE = TestableCoreLocation/Info.plist;
				INSTALL_PATH = "$(LOCAL_LIBRARY_DIR)/Frameworks";
				LD_RUNPATH_SEARCH_PATHS = "$(inherited) @executable_path/Frameworks @loader_path/Frameworks";
				PRODUCT_NAME = "$(TARGET_NAME)";
				SKIP_INSTALL = YES;
				SWIFT_OPTIMIZATION_LEVEL = "-Onone";
			};
			name = Debug;
		};
		0A95486D1A4A9CD80065D9FA /* Release */ = {
			isa = XCBuildConfiguration;
			buildSettings = {
				CLANG_ENABLE_MODULES = YES;
				DEFINES_MODULE = YES;
				DYLIB_COMPATIBILITY_VERSION = 1;
				DYLIB_CURRENT_VERSION = 1;
				DYLIB_INSTALL_NAME_BASE = "@rpath";
				EMBEDDED_CONTENT_CONTAINS_SWIFT = YES;
				INFOPLIST_FILE = TestableCoreLocation/Info.plist;
				INSTALL_PATH = "$(LOCAL_LIBRARY_DIR)/Frameworks";
				LD_RUNPATH_SEARCH_PATHS = "$(inherited) @executable_path/Frameworks @loader_path/Frameworks";
				PRODUCT_NAME = "$(TARGET_NAME)";
				SKIP_INSTALL = YES;
			};
			name = Release;
		};
		0A95486F1A4A9CD80065D9FA /* Debug */ = {
			isa = XCBuildConfiguration;
			buildSettings = {
				CLANG_ENABLE_MODULES = YES;
				FRAMEWORK_SEARCH_PATHS = (
					"$(SDKROOT)/Developer/Library/Frameworks",
					"$(inherited)",
				);
				GCC_PREPROCESSOR_DEFINITIONS = (
					"DEBUG=1",
					"$(inherited)",
				);
				INFOPLIST_FILE = TestableCoreLocationTests/Info.plist;
				LD_RUNPATH_SEARCH_PATHS = "$(inherited) @executable_path/Frameworks @loader_path/Frameworks";
				PRODUCT_NAME = "$(TARGET_NAME)";
				SWIFT_OPTIMIZATION_LEVEL = "-Onone";
			};
			name = Debug;
		};
		0A9548701A4A9CD80065D9FA /* Release */ = {
			isa = XCBuildConfiguration;
			buildSettings = {
				CLANG_ENABLE_MODULES = YES;
				FRAMEWORK_SEARCH_PATHS = (
					"$(SDKROOT)/Developer/Library/Frameworks",
					"$(inherited)",
				);
				INFOPLIST_FILE = TestableCoreLocationTests/Info.plist;
				LD_RUNPATH_SEARCH_PATHS = "$(inherited) @executable_path/Frameworks @loader_path/Frameworks";
				PRODUCT_NAME = "$(TARGET_NAME)";
			};
			name = Release;
		};
/* End XCBuildConfiguration section */

/* Begin XCConfigurationList section */
		0A95484F1A4A9CD80065D9FA /* Build configuration list for PBXProject "TestableCoreLocation" */ = {
			isa = XCConfigurationList;
			buildConfigurations = (
				0A9548691A4A9CD80065D9FA /* Debug */,
				0A95486A1A4A9CD80065D9FA /* Release */,
			);
			defaultConfigurationIsVisible = 0;
			defaultConfigurationName = Release;
		};
		0A95486B1A4A9CD80065D9FA /* Build configuration list for PBXNativeTarget "TestableCoreLocation" */ = {
			isa = XCConfigurationList;
			buildConfigurations = (
				0A95486C1A4A9CD80065D9FA /* Debug */,
				0A95486D1A4A9CD80065D9FA /* Release */,
			);
			defaultConfigurationIsVisible = 0;
		};
		0A95486E1A4A9CD80065D9FA /* Build configuration list for PBXNativeTarget "TestableCoreLocationTests" */ = {
			isa = XCConfigurationList;
			buildConfigurations = (
				0A95486F1A4A9CD80065D9FA /* Debug */,
				0A9548701A4A9CD80065D9FA /* Release */,
			);
			defaultConfigurationIsVisible = 0;
		};
/* End XCConfigurationList section */
	};
	rootObject = 0A95484C1A4A9CD80065D9FA /* Project object */;
}
